
Microsoft Visual Studio Solution File, Format Version 12.00
# Visual Studio Version 17
VisualStudioVersion = 17.14.36811.4
MinimumVisualStudioVersion = 10.0.40219.1
Project("{9A19103F-16F7-4668-BE54-9A1E7A4F7556}") = "MIN.Desktop", "MIN.Desktop\MIN.Desktop.csproj", "{D0C62271-67E4-4ADA-98C4-F0A0D0C3D3FA}"
EndProject
Project("{9A19103F-16F7-4668-BE54-9A1E7A4F7556}") = "MIN.Services.Contracts", "MIN.Services.Contracts\MIN.Services.Contracts.csproj", "{C0BDD3E5-6D7A-449B-99A1-4B303DA283E8}"
EndProject
Project("{9A19103F-16F7-4668-BE54-9A1E7A4F7556}") = "MIN.Services", "MIN.Services\MIN.Services.csproj", "{BB7F2BB5-55B6-43E4-909B-B643EF6B6964}"
EndProject
Project("{9A19103F-16F7-4668-BE54-9A1E7A4F7556}") = "MIN.Services.Connection", "MIN.Services.Connection\MIN.Services.Connection.csproj", "{EFC11A3D-6D0D-45C7-AC1C-B2FF0B20A562}"
EndProject
Project("{9A19103F-16F7-4668-BE54-9A1E7A4F7556}") = "MIN.Services.Connection.Contracts", "MIN.Services.Connection.Contracts\MIN.Services.Connection.Contracts.csproj", "{8566CB2C-8931-4987-8670-A3854C743EEE}"
EndProject
Project("{2150E333-8FDC-42A3-9474-1A3956D46DE8}") = "Solution Items", "Solution Items", "{8EB1B905-7DA5-4FC1-87EB-1B7A0CCAA0E1}"
	ProjectSection(SolutionItems) = preProject
		.editorconfig = .editorconfig
	EndProjectSection
EndProject
Project("{2150E333-8FDC-42A3-9474-1A3956D46DE8}") = "Contracts", "Contracts", "{02EA681E-C7D8-13C7-8484-4AC65E1B71E8}"
EndProject
Project("{FAE04EC0-301F-11D3-BF4B-00C04F79EFBC}") = "MIN.Messaging.Contracts", "MIN.Messaging.Contracts\MIN.Messaging.Contracts.csproj", "{82A02C52-0D30-48F6-A19A-F03B78C6DE3F}"
EndProject
Project("{FAE04EC0-301F-11D3-BF4B-00C04F79EFBC}") = "MIN.Transport.Contracts", "MIN.Transport.Contracts\MIN.Transport.Contracts.csproj", "{1AE1CD30-FE27-4ACF-B00F-7446A40D0623}"
EndProject
Project("{FAE04EC0-301F-11D3-BF4B-00C04F79EFBC}") = "MIN.Cryptography.Contracts", "MIN.Cryptography.Contracts\MIN.Cryptography.Contracts.csproj", "{64856AF2-8495-4B8B-9CF4-5BBE1074B14D}"
EndProject
Project("{FAE04EC0-301F-11D3-BF4B-00C04F79EFBC}") = "MIN.Events.Contracts", "MIN.Events.Contracts\MIN.Events.Contracts.csproj", "{856D0B0D-8593-4BB5-A5C7-B1A6EF1A037D}"
EndProject
Project("{2150E333-8FDC-42A3-9474-1A3956D46DE8}") = "Core", "Core", "{14359A71-2B4E-49C5-A6D4-7962E0D2131E}"
EndProject
Project("{FAE04EC0-301F-11D3-BF4B-00C04F79EFBC}") = "MIN.Messaging", "MIN.Messaging\MIN.Messaging.csproj", "{C9A46B2B-C627-4ADD-9554-29AF02D990AE}"
EndProject
Project("{FAE04EC0-301F-11D3-BF4B-00C04F79EFBC}") = "MIN.Events", "MIN.Events\MIN.Events.csproj", "{35BCD902-C265-40AC-8093-1B4E2506348C}"
EndProject
Project("{FAE04EC0-301F-11D3-BF4B-00C04F79EFBC}") = "MIN.Cryptography", "MIN.Cryptography\MIN.Cryptography.csproj", "{4FA41C38-7B82-47A1-B327-FF6A2B2BB95A}"
EndProject
Project("{FAE04EC0-301F-11D3-BF4B-00C04F79EFBC}") = "MIN.Transport.NamedPipes", "MIN.Transport.NamedPipes\MIN.Transport.NamedPipes.csproj", "{561AE4CA-D445-4C9F-AE72-128A059217D3}"
EndProject
Project("{2150E333-8FDC-42A3-9474-1A3956D46DE8}") = "Desktop", "Desktop", "{9CABB0E8-57A8-45C2-91CA-9682DE86BBC0}"
EndProject
Project("{2150E333-8FDC-42A3-9474-1A3956D46DE8}") = "Infrastructure", "Infrastructure", "{EB06CFFA-D1EC-4B74-9D96-5B9B197E9B0A}"
EndProject
Project("{FAE04EC0-301F-11D3-BF4B-00C04F79EFBC}") = "MIN.Entities.Contracts", "MIN.Entities.Contracts\MIN.Entities.Contracts.csproj", "{587EBA99-8237-4A63-95D6-6C6BC3F6E764}"
EndProject
Project("{FAE04EC0-301F-11D3-BF4B-00C04F79EFBC}") = "MIN.Entities", "MIN.Entities\MIN.Entities.csproj", "{8FE4E2F2-4677-46EA-89A2-6BCC4F57D94D}"
EndProject
Project("{FAE04EC0-301F-11D3-BF4B-00C04F79EFBC}") = "MIN.Handlers.Contracts", "MIN.Handlers.Contracts\MIN.Handlers.Contracts.csproj", "{AC5A3716-A714-4DD9-959C-734A9BB9D370}"
EndProject
Project("{FAE04EC0-301F-11D3-BF4B-00C04F79EFBC}") = "MIN.Application.Contracts", "MIN.Application.Contracts\MIN.Application.Contracts.csproj", "{EF7F5642-F72B-4B41-887E-A01A9E29491E}"
EndProject
Project("{FAE04EC0-301F-11D3-BF4B-00C04F79EFBC}") = "MIN.Application", "MIN.Application\MIN.Application.csproj", "{8EECE03B-BEFB-4E0A-8DF6-F00E37523FD5}"
EndProject
Project("{FAE04EC0-301F-11D3-BF4B-00C04F79EFBC}") = "MIN.Handlers", "MIN.Handlers\MIN.Handlers.csproj", "{31E49A73-0DE5-4A84-872A-45E5F5888B0D}"
EndProject
Project("{FAE04EC0-301F-11D3-BF4B-00C04F79EFBC}") = "MIN.Serialization.Contracts", "MIN.Serialization.Contracts\MIN.Serialization.Contracts.csproj", "{A8D7A00E-3222-4A5D-A4F4-5B94ACD4653D}"
EndProject
Project("{FAE04EC0-301F-11D3-BF4B-00C04F79EFBC}") = "MIN.Serialization.Json", "MIN.Serialization\MIN.Serialization.Json.csproj", "{486B2DBC-720C-499F-8998-FE6B9A497731}"
EndProject
Project("{2150E333-8FDC-42A3-9474-1A3956D46DE8}") = "Serialization", "Serialization", "{447729C9-E92B-46C6-9083-93F8FC12379D}"
EndProject
Project("{2150E333-8FDC-42A3-9474-1A3956D46DE8}") = "Transport", "Transport", "{81E88A88-2028-4037-B32C-0894A7072398}"
EndProject
Global
	GlobalSection(SolutionConfigurationPlatforms) = preSolution
		Debug|Any CPU = Debug|Any CPU
		Release|Any CPU = Release|Any CPU
	EndGlobalSection
	GlobalSection(ProjectConfigurationPlatforms) = postSolution
		{D0C62271-67E4-4ADA-98C4-F0A0D0C3D3FA}.Debug|Any CPU.ActiveCfg = Debug|Any CPU
		{D0C62271-67E4-4ADA-98C4-F0A0D0C3D3FA}.Debug|Any CPU.Build.0 = Debug|Any CPU
		{D0C62271-67E4-4ADA-98C4-F0A0D0C3D3FA}.Release|Any CPU.ActiveCfg = Release|Any CPU
		{D0C62271-67E4-4ADA-98C4-F0A0D0C3D3FA}.Release|Any CPU.Build.0 = Release|Any CPU
		{C0BDD3E5-6D7A-449B-99A1-4B303DA283E8}.Debug|Any CPU.ActiveCfg = Debug|Any CPU
		{C0BDD3E5-6D7A-449B-99A1-4B303DA283E8}.Debug|Any CPU.Build.0 = Debug|Any CPU
		{C0BDD3E5-6D7A-449B-99A1-4B303DA283E8}.Release|Any CPU.ActiveCfg = Release|Any CPU
		{C0BDD3E5-6D7A-449B-99A1-4B303DA283E8}.Release|Any CPU.Build.0 = Release|Any CPU
		{BB7F2BB5-55B6-43E4-909B-B643EF6B6964}.Debug|Any CPU.ActiveCfg = Debug|Any CPU
		{BB7F2BB5-55B6-43E4-909B-B643EF6B6964}.Debug|Any CPU.Build.0 = Debug|Any CPU
		{BB7F2BB5-55B6-43E4-909B-B643EF6B6964}.Release|Any CPU.ActiveCfg = Release|Any CPU
		{BB7F2BB5-55B6-43E4-909B-B643EF6B6964}.Release|Any CPU.Build.0 = Release|Any CPU
		{EFC11A3D-6D0D-45C7-AC1C-B2FF0B20A562}.Debug|Any CPU.ActiveCfg = Debug|Any CPU
		{EFC11A3D-6D0D-45C7-AC1C-B2FF0B20A562}.Debug|Any CPU.Build.0 = Debug|Any CPU
		{EFC11A3D-6D0D-45C7-AC1C-B2FF0B20A562}.Release|Any CPU.ActiveCfg = Release|Any CPU
		{EFC11A3D-6D0D-45C7-AC1C-B2FF0B20A562}.Release|Any CPU.Build.0 = Release|Any CPU
		{8566CB2C-8931-4987-8670-A3854C743EEE}.Debug|Any CPU.ActiveCfg = Debug|Any CPU
		{8566CB2C-8931-4987-8670-A3854C743EEE}.Debug|Any CPU.Build.0 = Debug|Any CPU
		{8566CB2C-8931-4987-8670-A3854C743EEE}.Release|Any CPU.ActiveCfg = Release|Any CPU
		{8566CB2C-8931-4987-8670-A3854C743EEE}.Release|Any CPU.Build.0 = Release|Any CPU
		{82A02C52-0D30-48F6-A19A-F03B78C6DE3F}.Debug|Any CPU.ActiveCfg = Debug|Any CPU
		{82A02C52-0D30-48F6-A19A-F03B78C6DE3F}.Debug|Any CPU.Build.0 = Debug|Any CPU
		{82A02C52-0D30-48F6-A19A-F03B78C6DE3F}.Release|Any CPU.ActiveCfg = Release|Any CPU
		{82A02C52-0D30-48F6-A19A-F03B78C6DE3F}.Release|Any CPU.Build.0 = Release|Any CPU
		{1AE1CD30-FE27-4ACF-B00F-7446A40D0623}.Debug|Any CPU.ActiveCfg = Debug|Any CPU
		{1AE1CD30-FE27-4ACF-B00F-7446A40D0623}.Debug|Any CPU.Build.0 = Debug|Any CPU
		{1AE1CD30-FE27-4ACF-B00F-7446A40D0623}.Release|Any CPU.ActiveCfg = Release|Any CPU
		{1AE1CD30-FE27-4ACF-B00F-7446A40D0623}.Release|Any CPU.Build.0 = Release|Any CPU
		{64856AF2-8495-4B8B-9CF4-5BBE1074B14D}.Debug|Any CPU.ActiveCfg = Debug|Any CPU
		{64856AF2-8495-4B8B-9CF4-5BBE1074B14D}.Debug|Any CPU.Build.0 = Debug|Any CPU
		{64856AF2-8495-4B8B-9CF4-5BBE1074B14D}.Release|Any CPU.ActiveCfg = Release|Any CPU
		{64856AF2-8495-4B8B-9CF4-5BBE1074B14D}.Release|Any CPU.Build.0 = Release|Any CPU
		{856D0B0D-8593-4BB5-A5C7-B1A6EF1A037D}.Debug|Any CPU.ActiveCfg = Debug|Any CPU
		{856D0B0D-8593-4BB5-A5C7-B1A6EF1A037D}.Debug|Any CPU.Build.0 = Debug|Any CPU
		{856D0B0D-8593-4BB5-A5C7-B1A6EF1A037D}.Release|Any CPU.ActiveCfg = Release|Any CPU
		{856D0B0D-8593-4BB5-A5C7-B1A6EF1A037D}.Release|Any CPU.Build.0 = Release|Any CPU
		{C9A46B2B-C627-4ADD-9554-29AF02D990AE}.Debug|Any CPU.ActiveCfg = Debug|Any CPU
		{C9A46B2B-C627-4ADD-9554-29AF02D990AE}.Debug|Any CPU.Build.0 = Debug|Any CPU
		{C9A46B2B-C627-4ADD-9554-29AF02D990AE}.Release|Any CPU.ActiveCfg = Release|Any CPU
		{C9A46B2B-C627-4ADD-9554-29AF02D990AE}.Release|Any CPU.Build.0 = Release|Any CPU
		{35BCD902-C265-40AC-8093-1B4E2506348C}.Debug|Any CPU.ActiveCfg = Debug|Any CPU
		{35BCD902-C265-40AC-8093-1B4E2506348C}.Debug|Any CPU.Build.0 = Debug|Any CPU
		{35BCD902-C265-40AC-8093-1B4E2506348C}.Release|Any CPU.ActiveCfg = Release|Any CPU
		{35BCD902-C265-40AC-8093-1B4E2506348C}.Release|Any CPU.Build.0 = Release|Any CPU
		{4FA41C38-7B82-47A1-B327-FF6A2B2BB95A}.Debug|Any CPU.ActiveCfg = Debug|Any CPU
		{4FA41C38-7B82-47A1-B327-FF6A2B2BB95A}.Debug|Any CPU.Build.0 = Debug|Any CPU
		{4FA41C38-7B82-47A1-B327-FF6A2B2BB95A}.Release|Any CPU.ActiveCfg = Release|Any CPU
		{4FA41C38-7B82-47A1-B327-FF6A2B2BB95A}.Release|Any CPU.Build.0 = Release|Any CPU
		{561AE4CA-D445-4C9F-AE72-128A059217D3}.Debug|Any CPU.ActiveCfg = Debug|Any CPU
		{561AE4CA-D445-4C9F-AE72-128A059217D3}.Debug|Any CPU.Build.0 = Debug|Any CPU
		{561AE4CA-D445-4C9F-AE72-128A059217D3}.Release|Any CPU.ActiveCfg = Release|Any CPU
		{561AE4CA-D445-4C9F-AE72-128A059217D3}.Release|Any CPU.Build.0 = Release|Any CPU
		{587EBA99-8237-4A63-95D6-6C6BC3F6E764}.Debug|Any CPU.ActiveCfg = Debug|Any CPU
		{587EBA99-8237-4A63-95D6-6C6BC3F6E764}.Debug|Any CPU.Build.0 = Debug|Any CPU
		{587EBA99-8237-4A63-95D6-6C6BC3F6E764}.Release|Any CPU.ActiveCfg = Release|Any CPU
		{587EBA99-8237-4A63-95D6-6C6BC3F6E764}.Release|Any CPU.Build.0 = Release|Any CPU
		{8FE4E2F2-4677-46EA-89A2-6BCC4F57D94D}.Debug|Any CPU.ActiveCfg = Debug|Any CPU
		{8FE4E2F2-4677-46EA-89A2-6BCC4F57D94D}.Debug|Any CPU.Build.0 = Debug|Any CPU
		{8FE4E2F2-4677-46EA-89A2-6BCC4F57D94D}.Release|Any CPU.ActiveCfg = Release|Any CPU
		{8FE4E2F2-4677-46EA-89A2-6BCC4F57D94D}.Release|Any CPU.Build.0 = Release|Any CPU
		{AC5A3716-A714-4DD9-959C-734A9BB9D370}.Debug|Any CPU.ActiveCfg = Debug|Any CPU
		{AC5A3716-A714-4DD9-959C-734A9BB9D370}.Debug|Any CPU.Build.0 = Debug|Any CPU
		{AC5A3716-A714-4DD9-959C-734A9BB9D370}.Release|Any CPU.ActiveCfg = Release|Any CPU
		{AC5A3716-A714-4DD9-959C-734A9BB9D370}.Release|Any CPU.Build.0 = Release|Any CPU
		{EF7F5642-F72B-4B41-887E-A01A9E29491E}.Debug|Any CPU.ActiveCfg = Debug|Any CPU
		{EF7F5642-F72B-4B41-887E-A01A9E29491E}.Debug|Any CPU.Build.0 = Debug|Any CPU
		{EF7F5642-F72B-4B41-887E-A01A9E29491E}.Release|Any CPU.ActiveCfg = Release|Any CPU
		{EF7F5642-F72B-4B41-887E-A01A9E29491E}.Release|Any CPU.Build.0 = Release|Any CPU
		{8EECE03B-BEFB-4E0A-8DF6-F00E37523FD5}.Debug|Any CPU.ActiveCfg = Debug|Any CPU
		{8EECE03B-BEFB-4E0A-8DF6-F00E37523FD5}.Debug|Any CPU.Build.0 = Debug|Any CPU
		{8EECE03B-BEFB-4E0A-8DF6-F00E37523FD5}.Release|Any CPU.ActiveCfg = Release|Any CPU
		{8EECE03B-BEFB-4E0A-8DF6-F00E37523FD5}.Release|Any CPU.Build.0 = Release|Any CPU
		{31E49A73-0DE5-4A84-872A-45E5F5888B0D}.Debug|Any CPU.ActiveCfg = Debug|Any CPU
		{31E49A73-0DE5-4A84-872A-45E5F5888B0D}.Debug|Any CPU.Build.0 = Debug|Any CPU
		{31E49A73-0DE5-4A84-872A-45E5F5888B0D}.Release|Any CPU.ActiveCfg = Release|Any CPU
		{31E49A73-0DE5-4A84-872A-45E5F5888B0D}.Release|Any CPU.Build.0 = Release|Any CPU
		{A8D7A00E-3222-4A5D-A4F4-5B94ACD4653D}.Debug|Any CPU.ActiveCfg = Debug|Any CPU
		{A8D7A00E-3222-4A5D-A4F4-5B94ACD4653D}.Debug|Any CPU.Build.0 = Debug|Any CPU
		{A8D7A00E-3222-4A5D-A4F4-5B94ACD4653D}.Release|Any CPU.ActiveCfg = Release|Any CPU
		{A8D7A00E-3222-4A5D-A4F4-5B94ACD4653D}.Release|Any CPU.Build.0 = Release|Any CPU
		{486B2DBC-720C-499F-8998-FE6B9A497731}.Debug|Any CPU.ActiveCfg = Debug|Any CPU
		{486B2DBC-720C-499F-8998-FE6B9A497731}.Debug|Any CPU.Build.0 = Debug|Any CPU
		{486B2DBC-720C-499F-8998-FE6B9A497731}.Release|Any CPU.ActiveCfg = Release|Any CPU
		{486B2DBC-720C-499F-8998-FE6B9A497731}.Release|Any CPU.Build.0 = Release|Any CPU
	EndGlobalSection
	GlobalSection(SolutionProperties) = preSolution
		HideSolutionNode = FALSE
	EndGlobalSection
	GlobalSection(NestedProjects) = preSolution
		{D0C62271-67E4-4ADA-98C4-F0A0D0C3D3FA} = {9CABB0E8-57A8-45C2-91CA-9682DE86BBC0}
		{C0BDD3E5-6D7A-449B-99A1-4B303DA283E8} = {02EA681E-C7D8-13C7-8484-4AC65E1B71E8}
		{BB7F2BB5-55B6-43E4-909B-B643EF6B6964} = {14359A71-2B4E-49C5-A6D4-7962E0D2131E}
		{82A02C52-0D30-48F6-A19A-F03B78C6DE3F} = {02EA681E-C7D8-13C7-8484-4AC65E1B71E8}
		{1AE1CD30-FE27-4ACF-B00F-7446A40D0623} = {02EA681E-C7D8-13C7-8484-4AC65E1B71E8}
		{64856AF2-8495-4B8B-9CF4-5BBE1074B14D} = {02EA681E-C7D8-13C7-8484-4AC65E1B71E8}
		{856D0B0D-8593-4BB5-A5C7-B1A6EF1A037D} = {02EA681E-C7D8-13C7-8484-4AC65E1B71E8}
		{C9A46B2B-C627-4ADD-9554-29AF02D990AE} = {14359A71-2B4E-49C5-A6D4-7962E0D2131E}
		{35BCD902-C265-40AC-8093-1B4E2506348C} = {14359A71-2B4E-49C5-A6D4-7962E0D2131E}
		{4FA41C38-7B82-47A1-B327-FF6A2B2BB95A} = {14359A71-2B4E-49C5-A6D4-7962E0D2131E}
		{561AE4CA-D445-4C9F-AE72-128A059217D3} = {81E88A88-2028-4037-B32C-0894A7072398}
		{587EBA99-8237-4A63-95D6-6C6BC3F6E764} = {02EA681E-C7D8-13C7-8484-4AC65E1B71E8}
		{8FE4E2F2-4677-46EA-89A2-6BCC4F57D94D} = {14359A71-2B4E-49C5-A6D4-7962E0D2131E}
		{AC5A3716-A714-4DD9-959C-734A9BB9D370} = {02EA681E-C7D8-13C7-8484-4AC65E1B71E8}
		{EF7F5642-F72B-4B41-887E-A01A9E29491E} = {02EA681E-C7D8-13C7-8484-4AC65E1B71E8}
		{8EECE03B-BEFB-4E0A-8DF6-F00E37523FD5} = {EB06CFFA-D1EC-4B74-9D96-5B9B197E9B0A}
		{31E49A73-0DE5-4A84-872A-45E5F5888B0D} = {EB06CFFA-D1EC-4B74-9D96-5B9B197E9B0A}
		{A8D7A00E-3222-4A5D-A4F4-5B94ACD4653D} = {02EA681E-C7D8-13C7-8484-4AC65E1B71E8}
		{486B2DBC-720C-499F-8998-FE6B9A497731} = {447729C9-E92B-46C6-9083-93F8FC12379D}
		{447729C9-E92B-46C6-9083-93F8FC12379D} = {EB06CFFA-D1EC-4B74-9D96-5B9B197E9B0A}
		{81E88A88-2028-4037-B32C-0894A7072398} = {EB06CFFA-D1EC-4B74-9D96-5B9B197E9B0A}
	EndGlobalSection
	GlobalSection(ExtensibilityGlobals) = postSolution
		SolutionGuid = {57E9A443-C4F6-4D77-AEA8-F7D953811002}
	EndGlobalSection
EndGlobal
