
Microsoft Visual Studio Solution File, Format Version 12.00
# Visual Studio Version 17
VisualStudioVersion = 17.14.36811.4
MinimumVisualStudioVersion = 10.0.40219.1
Project("{FAE04EC0-301F-11D3-BF4B-00C04F79EFBC}") = "MIN.Desktop", "MIN.Desktop\MIN.Desktop.csproj", "{D0C62271-67E4-4ADA-98C4-F0A0D0C3D3FA}"
EndProject
Project("{FAE04EC0-301F-11D3-BF4B-00C04F79EFBC}") = "MIN.Services.Contracts", "MIN.Services.Contracts\MIN.Services.Contracts.csproj", "{C0BDD3E5-6D7A-449B-99A1-4B303DA283E8}"
EndProject
Project("{FAE04EC0-301F-11D3-BF4B-00C04F79EFBC}") = "MIN.Services", "MIN.Services\MIN.Services.csproj", "{BB7F2BB5-55B6-43E4-909B-B643EF6B6964}"
EndProject
Project("{FAE04EC0-301F-11D3-BF4B-00C04F79EFBC}") = "MIN.Services.Connection", "MIN.Services.Connection\MIN.Services.Connection.csproj", "{EFC11A3D-6D0D-45C7-AC1C-B2FF0B20A562}"
EndProject
Project("{FAE04EC0-301F-11D3-BF4B-00C04F79EFBC}") = "MIN.Services.Connection.Contracts", "MIN.Services.Connection.Contracts\MIN.Services.Connection.Contracts.csproj", "{8566CB2C-8931-4987-8670-A3854C743EEE}"
EndProject
Global
	GlobalSection(SolutionConfigurationPlatforms) = preSolution
		Debug|Any CPU = Debug|Any CPU
		Release|Any CPU = Release|Any CPU
	EndGlobalSection
	GlobalSection(ProjectConfigurationPlatforms) = postSolution
		{D0C62271-67E4-4ADA-98C4-F0A0D0C3D3FA}.Debug|Any CPU.ActiveCfg = Debug|Any CPU
		{D0C62271-67E4-4ADA-98C4-F0A0D0C3D3FA}.Debug|Any CPU.Build.0 = Debug|Any CPU
		{D0C62271-67E4-4ADA-98C4-F0A0D0C3D3FA}.Release|Any CPU.ActiveCfg = Release|Any CPU
		{D0C62271-67E4-4ADA-98C4-F0A0D0C3D3FA}.Release|Any CPU.Build.0 = Release|Any CPU
		{C0BDD3E5-6D7A-449B-99A1-4B303DA283E8}.Debug|Any CPU.ActiveCfg = Debug|Any CPU
		{C0BDD3E5-6D7A-449B-99A1-4B303DA283E8}.Debug|Any CPU.Build.0 = Debug|Any CPU
		{C0BDD3E5-6D7A-449B-99A1-4B303DA283E8}.Release|Any CPU.ActiveCfg = Release|Any CPU
		{C0BDD3E5-6D7A-449B-99A1-4B303DA283E8}.Release|Any CPU.Build.0 = Release|Any CPU
		{BB7F2BB5-55B6-43E4-909B-B643EF6B6964}.Debug|Any CPU.ActiveCfg = Debug|Any CPU
		{BB7F2BB5-55B6-43E4-909B-B643EF6B6964}.Debug|Any CPU.Build.0 = Debug|Any CPU
		{BB7F2BB5-55B6-43E4-909B-B643EF6B6964}.Release|Any CPU.ActiveCfg = Release|Any CPU
		{BB7F2BB5-55B6-43E4-909B-B643EF6B6964}.Release|Any CPU.Build.0 = Release|Any CPU
		{EFC11A3D-6D0D-45C7-AC1C-B2FF0B20A562}.Debug|Any CPU.ActiveCfg = Debug|Any CPU
		{EFC11A3D-6D0D-45C7-AC1C-B2FF0B20A562}.Debug|Any CPU.Build.0 = Debug|Any CPU
		{EFC11A3D-6D0D-45C7-AC1C-B2FF0B20A562}.Release|Any CPU.ActiveCfg = Release|Any CPU
		{EFC11A3D-6D0D-45C7-AC1C-B2FF0B20A562}.Release|Any CPU.Build.0 = Release|Any CPU
		{8566CB2C-8931-4987-8670-A3854C743EEE}.Debug|Any CPU.ActiveCfg = Debug|Any CPU
		{8566CB2C-8931-4987-8670-A3854C743EEE}.Debug|Any CPU.Build.0 = Debug|Any CPU
		{8566CB2C-8931-4987-8670-A3854C743EEE}.Release|Any CPU.ActiveCfg = Release|Any CPU
		{8566CB2C-8931-4987-8670-A3854C743EEE}.Release|Any CPU.Build.0 = Release|Any CPU
	EndGlobalSection
	GlobalSection(SolutionProperties) = preSolution
		HideSolutionNode = FALSE
	EndGlobalSection
	GlobalSection(ExtensibilityGlobals) = postSolution
		SolutionGuid = {57E9A443-C4F6-4D77-AEA8-F7D953811002}
	EndGlobalSection
EndGlobal
